
Microsoft Visual Studio Solution File, Format Version 12.00
# Visual Studio 15
VisualStudioVersion = 15.0.28307.757
MinimumVisualStudioVersion = 10.0.40219.1
Project("{FAE04EC0-301F-11D3-BF4B-00C04F79EFBC}") = "VTYSProje", "VTYSProje\VTYSProje.csproj", "{2FBB6FB9-AEFB-4187-B703-6982A40BE52E}"
EndProject
Global
	GlobalSection(SolutionConfigurationPlatforms) = preSolution
		Debug|Any CPU = Debug|Any CPU
		Release|Any CPU = Release|Any CPU
	EndGlobalSection
	GlobalSection(ProjectConfigurationPlatforms) = postSolution
		{2FBB6FB9-AEFB-4187-B703-6982A40BE52E}.Debug|Any CPU.ActiveCfg = Debug|Any CPU
		{2FBB6FB9-AEFB-4187-B703-6982A40BE52E}.Debug|Any CPU.Build.0 = Debug|Any CPU
		{2FBB6FB9-AEFB-4187-B703-6982A40BE52E}.Release|Any CPU.ActiveCfg = Release|Any CPU
		{2FBB6FB9-AEFB-4187-B703-6982A40BE52E}.Release|Any CPU.Build.0 = Release|Any CPU
	EndGlobalSection
	GlobalSection(SolutionProperties) = preSolution
		HideSolutionNode = FALSE
	EndGlobalSection
	GlobalSection(ExtensibilityGlobals) = postSolution
		SolutionGuid = {7FF6C42A-9915-46B9-A52C-2A13245C176C}
	EndGlobalSection
EndGlobal
